
Microsoft Visual Studio Solution File, Format Version 12.00
Project("{FAE04EC0-301F-11D3-BF4B-00C04F79EFBC}") = "14.12", "14.12.csproj", "{AB562875-DB74-425B-9361-4FF8C93EF082}"
EndProject
Global
	GlobalSection(SolutionConfigurationPlatforms) = preSolution
		Debug|Any CPU = Debug|Any CPU
		Release|Any CPU = Release|Any CPU
	EndGlobalSection
	GlobalSection(ProjectConfigurationPlatforms) = postSolution
		{AB562875-DB74-425B-9361-4FF8C93EF082}.Debug|Any CPU.ActiveCfg = Debug|Any CPU
		{AB562875-DB74-425B-9361-4FF8C93EF082}.Debug|Any CPU.Build.0 = Debug|Any CPU
		{AB562875-DB74-425B-9361-4FF8C93EF082}.Release|Any CPU.ActiveCfg = Release|Any CPU
		{AB562875-DB74-425B-9361-4FF8C93EF082}.Release|Any CPU.Build.0 = Release|Any CPU
	EndGlobalSection
EndGlobal
